
Microsoft Visual Studio Solution File, Format Version 12.00
# Visual Studio Version 17
VisualStudioVersion = 17.13.35931.197 d17.13
MinimumVisualStudioVersion = 10.0.40219.1
Project("{FAE04EC0-301F-11D3-BF4B-00C04F79EFBC}") = "EczaneOtomasyonu", "EczaneOtomasyonu\EczaneOtomasyonu.csproj", "{82BE7397-BFFE-403D-96CF-B3C0ECAB4A4F}"
EndProject
Global
	GlobalSection(SolutionConfigurationPlatforms) = preSolution
		Debug|Any CPU = Debug|Any CPU
		Release|Any CPU = Release|Any CPU
	EndGlobalSection
	GlobalSection(ProjectConfigurationPlatforms) = postSolution
		{82BE7397-BFFE-403D-96CF-B3C0ECAB4A4F}.Debug|Any CPU.ActiveCfg = Debug|Any CPU
		{82BE7397-BFFE-403D-96CF-B3C0ECAB4A4F}.Debug|Any CPU.Build.0 = Debug|Any CPU
		{82BE7397-BFFE-403D-96CF-B3C0ECAB4A4F}.Release|Any CPU.ActiveCfg = Release|Any CPU
		{82BE7397-BFFE-403D-96CF-B3C0ECAB4A4F}.Release|Any CPU.Build.0 = Release|Any CPU
	EndGlobalSection
	GlobalSection(SolutionProperties) = preSolution
		HideSolutionNode = FALSE
	EndGlobalSection
	GlobalSection(ExtensibilityGlobals) = postSolution
		SolutionGuid = {A016DC46-BB51-4E94-9E9F-E5B26EC3FCDB}
	EndGlobalSection
EndGlobal
